
Microsoft Visual Studio Solution File, Format Version 12.00
# Visual Studio Version 17
VisualStudioVersion = 17.13.35919.96 d17.13
MinimumVisualStudioVersion = 10.0.40219.1
Project("{FAE04EC0-301F-11D3-BF4B-00C04F79EFBC}") = "VetOn", "VetOn.csproj", "{7976EA87-F5A5-4940-840A-48632290B0E3}"
EndProject
Global
	GlobalSection(SolutionConfigurationPlatforms) = preSolution
		Debug|Any CPU = Debug|Any CPU
		Release|Any CPU = Release|Any CPU
	EndGlobalSection
	GlobalSection(ProjectConfigurationPlatforms) = postSolution
		{7976EA87-F5A5-4940-840A-48632290B0E3}.Debug|Any CPU.ActiveCfg = Debug|Any CPU
		{7976EA87-F5A5-4940-840A-48632290B0E3}.Debug|Any CPU.Build.0 = Debug|Any CPU
		{7976EA87-F5A5-4940-840A-48632290B0E3}.Release|Any CPU.ActiveCfg = Release|Any CPU
		{7976EA87-F5A5-4940-840A-48632290B0E3}.Release|Any CPU.Build.0 = Release|Any CPU
	EndGlobalSection
	GlobalSection(SolutionProperties) = preSolution
		HideSolutionNode = FALSE
	EndGlobalSection
	GlobalSection(ExtensibilityGlobals) = postSolution
		SolutionGuid = {4F566ECA-E1D3-4B23-A5A5-5CCD0A0A909B}
	EndGlobalSection
EndGlobal
